
Microsoft Visual Studio Solution File, Format Version 12.00
# Visual Studio Version 16
VisualStudioVersion = 16.0.34601.136
MinimumVisualStudioVersion = 10.0.40219.1
Project("{8BC9CEB8-8B4A-11D0-8D11-00A0C91BC942}") = "Alpc-Installer", "Alpc-Installer.vcxproj", "{4F9EA5B8-7A29-4052-A55E-B68611280EC2}"
EndProject
Global
	GlobalSection(SolutionConfigurationPlatforms) = preSolution
		Debug|x86 = Debug|x86
	EndGlobalSection
	GlobalSection(ProjectConfigurationPlatforms) = postSolution
		{4F9EA5B8-7A29-4052-A55E-B68611280EC2}.Debug|x86.ActiveCfg = Debug|Win32
		{4F9EA5B8-7A29-4052-A55E-B68611280EC2}.Debug|x86.Build.0 = Debug|Win32
	EndGlobalSection
	GlobalSection(SolutionProperties) = preSolution
		HideSolutionNode = FALSE
	EndGlobalSection
	GlobalSection(ExtensibilityGlobals) = postSolution
		SolutionGuid = {46777DDA-558E-4B94-BDB2-8EE38374C7B3}
	EndGlobalSection
EndGlobal
