<?xml version="1.0" encoding="utf-8"?>
<Project ToolsVersion="4.0" xmlns="http://schemas.microsoft.com/developer/msbuild/2003">
  <ItemGroup>
    <Filter Include="Source Files">
      <UniqueIdentifier>{4FC737F1-C7A5-4376-A066-2A32D752A2FF}</UniqueIdentifier>
      <Extensions>cpp;c;cc;cxx;def;odl;idl;hpj;bat;asm;asmx</Extensions>
    </Filter>
    <Filter Include="Header Files">
      <UniqueIdentifier>{93995380-89BD-4b04-88EB-625FBE52EBFB}</UniqueIdentifier>
      <Extensions>h;hpp;hxx;hm;inl;inc;xsd</Extensions>
    </Filter>
    <Filter Include="Resource Files">
      <UniqueIdentifier>{67DA6AB6-F800-4c08-8B7A-83BB121AAD01}</UniqueIdentifier>
      <Extensions>rc;ico;cur;bmp;dlg;rc2;rct;bin;rgs;gif;jpg;jpeg;jpe;resx;tiff;tif;png;wav;mfcribbon-ms</Extensions>
    </Filter>
    <Filter Include="Driver Files">
      <UniqueIdentifier>{8E41214B-6785-4CFE-B992-037D68949A14}</UniqueIdentifier>
      <Extensions>inf;inv;inx;mof;mc;</Extensions>
    </Filter>
    <Filter Include="Header Files\Utils">
      <UniqueIdentifier>{7dffecc0-cacb-4665-8cbd-e85be506c04b}</UniqueIdentifier>
    </Filter>
    <Filter Include="Source Files\Utils">
      <UniqueIdentifier>{d3246918-65d1-4b47-923a-483590acc683}</UniqueIdentifier>
    </Filter>
    <Filter Include="Header Files\Filters">
      <UniqueIdentifier>{0911d089-d02f-4530-9561-a10f5f9b625d}</UniqueIdentifier>
    </Filter>
    <Filter Include="Source Files\Filters">
      <UniqueIdentifier>{d1f5fedf-7198-48a6-86a9-0e421e70402e}</UniqueIdentifier>
    </Filter>
    <Filter Include="Header Files\Plugins">
      <UniqueIdentifier>{81fdb57a-056e-4e6f-9dbb-09a7b112034a}</UniqueIdentifier>
    </Filter>
    <Filter Include="Source Files\Plugins">
      <UniqueIdentifier>{97c75d5d-e03f-4ab8-bcf2-933606c3a517}</UniqueIdentifier>
    </Filter>
    <Filter Include="Header Files\Events">
      <UniqueIdentifier>{e4c86eb1-3a17-4cd5-b778-037cf114d237}</UniqueIdentifier>
    </Filter>
    <Filter Include="Source Files\Events">
      <UniqueIdentifier>{12e76289-9ac2-497a-9bb4-72f9341e1c53}</UniqueIdentifier>
    </Filter>
    <Filter Include="Header Files\RPC-Engine">
      <UniqueIdentifier>{e20c1a8a-1599-43c6-a74c-2f222a57613e}</UniqueIdentifier>
    </Filter>
    <Filter Include="Source Files\RPC-Engine">
      <UniqueIdentifier>{44854545-aa38-44bb-81fd-dec78f4119bc}</UniqueIdentifier>
    </Filter>
    <Filter Include="Header Files\Collectors">
      <UniqueIdentifier>{670e0ad0-7913-4bc2-8f0e-6dcc971bca93}</UniqueIdentifier>
    </Filter>
    <Filter Include="Source Files\Collectors">
      <UniqueIdentifier>{2ba609a2-08ea-41d9-a68c-bcb2e75bfc84}</UniqueIdentifier>
    </Filter>
  </ItemGroup>
  <ItemGroup>
    <ClCompile Include="main.cpp">
      <Filter>Source Files</Filter>
    </ClCompile>
    <ClCompile Include="precomp.cpp">
      <Filter>Source Files</Filter>
    </ClCompile>
    <ClCompile Include="KmHelper.cpp">
      <Filter>Source Files\Utils</Filter>
    </ClCompile>
    <ClCompile Include="CppSupport.cpp">
      <Filter>Source Files\Utils</Filter>
    </ClCompile>
    <ClCompile Include="ProcessFilter.cpp">
      <Filter>Source Files\Filters</Filter>
    </ClCompile>
    <ClCompile Include="ImageFilter.cpp">
      <Filter>Source Files\Filters</Filter>
    </ClCompile>
    <ClCompile Include="PluginManager.cpp">
      <Filter>Source Files\Plugins</Filter>
    </ClCompile>
    <ClCompile Include="globals.cpp">
      <Filter>Source Files</Filter>
    </ClCompile>
    <ClCompile Include="UmHookPlugin.cpp">
      <Filter>Source Files\Plugins</Filter>
    </ClCompile>
    <ClCompile Include="Events.cpp">
      <Filter>Source Files\Events</Filter>
    </ClCompile>
    <ClCompile Include="ThreadFilter.cpp">
      <Filter>Source Files\Filters</Filter>
    </ClCompile>
    <ClCompile Include="RegistryUtils.cpp">
      <Filter>Source Files\Utils</Filter>
    </ClCompile>
    <ClCompile Include="FirmwareTableHandlerFilter.cpp">
      <Filter>Source Files\Filters</Filter>
    </ClCompile>
    <ClCompile Include="RpcAlpcInspectionPlugin.cpp">
      <Filter>Source Files\Plugins</Filter>
    </ClCompile>
    <ClCompile Include="RpcEngine.cpp">
      <Filter>Source Files\RPC-Engine</Filter>
    </ClCompile>
    <ClCompile Include="HashUtils.cpp">
      <Filter>Source Files\Utils</Filter>
    </ClCompile>
    <ClCompile Include="WorkQueue.cpp">
      <Filter>Source Files\Utils</Filter>
    </ClCompile>
    <ClCompile Include="ModuleCollector.cpp">
      <Filter>Source Files\Collectors</Filter>
    </ClCompile>
    <ClCompile Include="PdbHelper.cpp">
      <Filter>Source Files\Utils</Filter>
    </ClCompile>
    <ClCompile Include="ProcessCollector.cpp">
      <Filter>Source Files\Collectors</Filter>
    </ClCompile>
    <ClCompile Include="ApcQueue.cpp">
      <Filter>Source Files\Utils</Filter>
    </ClCompile>
    <ClCompile Include="FileObject.cpp">
      <Filter>Source Files\Utils</Filter>
    </ClCompile>
  </ItemGroup>
  <ItemGroup>
    <ClInclude Include="trace.hpp">
      <Filter>Header Files</Filter>
    </ClInclude>
    <ClInclude Include="precomp.hpp">
      <Filter>Header Files</Filter>
    </ClInclude>
    <ClInclude Include="KmHelper.hpp">
      <Filter>Header Files\Utils</Filter>
    </ClInclude>
    <ClInclude Include="CppSupport.hpp">
      <Filter>Header Files\Utils</Filter>
    </ClInclude>
    <ClInclude Include="ProcessFilter.hpp">
      <Filter>Header Files\Filters</Filter>
    </ClInclude>
    <ClInclude Include="ImageFilter.hpp">
      <Filter>Header Files\Filters</Filter>
    </ClInclude>
    <ClInclude Include="PluginManager.hpp">
      <Filter>Header Files\Plugins</Filter>
    </ClInclude>
    <ClInclude Include="UmHookPlugin.hpp">
      <Filter>Header Files\Plugins</Filter>
    </ClInclude>
    <ClInclude Include="globals.hpp">
      <Filter>Header Files</Filter>
    </ClInclude>
    <ClInclude Include="Events.hpp">
      <Filter>Header Files\Events</Filter>
    </ClInclude>
    <ClInclude Include="ThreadFilter.hpp">
      <Filter>Header Files\Filters</Filter>
    </ClInclude>
    <ClInclude Include="RegistryUtils.hpp">
      <Filter>Header Files\Utils</Filter>
    </ClInclude>
    <ClInclude Include="FirmwareTableHandlerFilter.hpp">
      <Filter>Header Files\Filters</Filter>
    </ClInclude>
    <ClInclude Include="RpcAlpcInspectionPlugin.hpp">
      <Filter>Header Files\Plugins</Filter>
    </ClInclude>
    <ClInclude Include="RpcEngine.hpp">
      <Filter>Header Files\RPC-Engine</Filter>
    </ClInclude>
    <ClInclude Include="HashUtils.hpp">
      <Filter>Header Files\Utils</Filter>
    </ClInclude>
    <ClInclude Include="ModuleCollector.hpp">
      <Filter>Header Files\Collectors</Filter>
    </ClInclude>
    <ClInclude Include="WorkQueue.hpp">
      <Filter>Header Files\Utils</Filter>
    </ClInclude>
    <ClInclude Include="PdbHelper.hpp">
      <Filter>Header Files\Utils</Filter>
    </ClInclude>
    <ClInclude Include="ProcessCollector.hpp">
      <Filter>Header Files\Collectors</Filter>
    </ClInclude>
    <ClInclude Include="ApcQueue.hpp">
      <Filter>Header Files\Utils</Filter>
    </ClInclude>
    <ClInclude Include="FileObject.hpp">
      <Filter>Header Files\Utils</Filter>
    </ClInclude>
  </ItemGroup>
</Project>